
Microsoft Visual Studio Solution File, Format Version 12.00
# Visual Studio Version 16
VisualStudioVersion = 16.0.29503.13
MinimumVisualStudioVersion = 10.0.40219.1
Project("{9A19103F-16F7-4668-BE54-9A1E7A4F7556}") = "AbstractFactory", "AbstractFactory\AbstractFactory.csproj", "{8F336EAD-406B-465E-BD49-8BFCC8F5B956}"
EndProject
Project("{9A19103F-16F7-4668-BE54-9A1E7A4F7556}") = "Builder", "Builder\Builder.csproj", "{4D13C339-7A4A-415C-9C7F-F85DC640DF51}"
EndProject
Project("{2150E333-8FDC-42A3-9474-1A3956D46DE8}") = "Creationals", "Creationals", "{56EAF7DB-F94B-4348-9638-9BA2084550AF}"
EndProject
Project("{9A19103F-16F7-4668-BE54-9A1E7A4F7556}") = "FactoryMethod", "FactoryMethod\FactoryMethod.csproj", "{7B590A2A-D73F-4A60-A454-DA426F8D1BC6}"
EndProject
Project("{9A19103F-16F7-4668-BE54-9A1E7A4F7556}") = "Prototype", "Prototype\Prototype.csproj", "{FD78D908-094A-411B-8928-FE9F1E17F7CC}"
EndProject
Project("{9A19103F-16F7-4668-BE54-9A1E7A4F7556}") = "Singleton", "Singleton\Singleton.csproj", "{A74519F2-4431-419D-AB09-9C80BD06B4E5}"
EndProject
Project("{9A19103F-16F7-4668-BE54-9A1E7A4F7556}") = "SingletonThreadSafe", "SingletonThreadSafe\SingletonThreadSafe.csproj", "{E990DF5A-A20C-4D1C-B3F7-389539D76A9E}"
EndProject
Project("{9A19103F-16F7-4668-BE54-9A1E7A4F7556}") = "Adapter", "Adapter\Adapter.csproj", "{C8BA7BA6-BA01-4848-A58F-A41E78435A3A}"
EndProject
Project("{2150E333-8FDC-42A3-9474-1A3956D46DE8}") = "Structural", "Structural", "{C5379D7B-9C7D-4B14-8CCC-C07CD509947F}"
EndProject
Project("{9A19103F-16F7-4668-BE54-9A1E7A4F7556}") = "Bridge", "Bridge\Bridge.csproj", "{2CF50977-89A6-4562-8583-F407DD025E1B}"
EndProject
Project("{9A19103F-16F7-4668-BE54-9A1E7A4F7556}") = "Composite", "Composite\Composite.csproj", "{EA7AAF67-9A1B-4CBA-A10F-559E95213E39}"
EndProject
Project("{9A19103F-16F7-4668-BE54-9A1E7A4F7556}") = "Decorator", "Decorator\Decorator.csproj", "{666E3CB1-FC3D-460A-ADBD-F2001FBD08B4}"
EndProject
Project("{9A19103F-16F7-4668-BE54-9A1E7A4F7556}") = "Facade", "Facade\Facade.csproj", "{FF795FFE-2CF1-471C-9380-C4CDA9B13614}"
EndProject
Project("{FAE04EC0-301F-11D3-BF4B-00C04F79EFBC}") = "Flyweight", "Flyweight\Flyweight.csproj", "{02FE88B5-63D4-46C1-8B6F-71A855DBA373}"
EndProject
Project("{FAE04EC0-301F-11D3-BF4B-00C04F79EFBC}") = "Proxy", "Proxy\Proxy.csproj", "{DB5A737C-7450-4C99-AB0A-95DB6D267454}"
EndProject
Project("{2150E333-8FDC-42A3-9474-1A3956D46DE8}") = "Behavioral", "Behavioral", "{E3041A09-7FAF-4BDC-9120-21B8B523EFF4}"
EndProject
Project("{FAE04EC0-301F-11D3-BF4B-00C04F79EFBC}") = "ChainOfResponsability", "ChainOfResponsability\ChainOfResponsability.csproj", "{309AA7C3-7566-4BFD-A161-841EBF9BEF8A}"
EndProject
Project("{FAE04EC0-301F-11D3-BF4B-00C04F79EFBC}") = "Command", "Command\Command.csproj", "{90608050-6F91-49C8-9C0C-E00421B49C48}"
EndProject
Project("{FAE04EC0-301F-11D3-BF4B-00C04F79EFBC}") = "Iterator", "Iterator\Iterator.csproj", "{D8CF2918-3368-4815-ADE2-52E48554319F}"
EndProject
Project("{FAE04EC0-301F-11D3-BF4B-00C04F79EFBC}") = "Mediator", "Mediator\Mediator.csproj", "{86C8AEC7-F188-4D11-92B2-B2C78EE22D04}"
EndProject
Project("{FAE04EC0-301F-11D3-BF4B-00C04F79EFBC}") = "Memento", "Memento\Memento.csproj", "{EED90804-F987-4AD1-876B-26D14805E579}"
EndProject
Project("{FAE04EC0-301F-11D3-BF4B-00C04F79EFBC}") = "Observer", "Observer\Observer.csproj", "{872116F6-84ED-46DF-9B83-60B0AE2A6DCF}"
EndProject
Project("{FAE04EC0-301F-11D3-BF4B-00C04F79EFBC}") = "State", "State\State.csproj", "{62B1CC80-3C79-44FC-80E5-5B8EB1626D52}"
EndProject
Project("{FAE04EC0-301F-11D3-BF4B-00C04F79EFBC}") = "Strategy", "Strategy\Strategy.csproj", "{B3C231F9-C0EF-46F6-9E1A-71ACB999D6EB}"
EndProject
Project("{FAE04EC0-301F-11D3-BF4B-00C04F79EFBC}") = "TemplateMethod", "Template Method\TemplateMethod.csproj", "{908CA571-7262-4AF0-9A24-A2292C6416FA}"
EndProject
Project("{FAE04EC0-301F-11D3-BF4B-00C04F79EFBC}") = "Visitor", "Visitor\Visitor.csproj", "{905DF5DF-1D2A-4E2A-8D14-34B600034D5B}"
EndProject
Global
	GlobalSection(SolutionConfigurationPlatforms) = preSolution
		Debug|Any CPU = Debug|Any CPU
		Release|Any CPU = Release|Any CPU
	EndGlobalSection
	GlobalSection(ProjectConfigurationPlatforms) = postSolution
		{8F336EAD-406B-465E-BD49-8BFCC8F5B956}.Debug|Any CPU.ActiveCfg = Debug|Any CPU
		{8F336EAD-406B-465E-BD49-8BFCC8F5B956}.Debug|Any CPU.Build.0 = Debug|Any CPU
		{8F336EAD-406B-465E-BD49-8BFCC8F5B956}.Release|Any CPU.ActiveCfg = Release|Any CPU
		{8F336EAD-406B-465E-BD49-8BFCC8F5B956}.Release|Any CPU.Build.0 = Release|Any CPU
		{4D13C339-7A4A-415C-9C7F-F85DC640DF51}.Debug|Any CPU.ActiveCfg = Debug|Any CPU
		{4D13C339-7A4A-415C-9C7F-F85DC640DF51}.Debug|Any CPU.Build.0 = Debug|Any CPU
		{4D13C339-7A4A-415C-9C7F-F85DC640DF51}.Release|Any CPU.ActiveCfg = Release|Any CPU
		{4D13C339-7A4A-415C-9C7F-F85DC640DF51}.Release|Any CPU.Build.0 = Release|Any CPU
		{7B590A2A-D73F-4A60-A454-DA426F8D1BC6}.Debug|Any CPU.ActiveCfg = Debug|Any CPU
		{7B590A2A-D73F-4A60-A454-DA426F8D1BC6}.Debug|Any CPU.Build.0 = Debug|Any CPU
		{7B590A2A-D73F-4A60-A454-DA426F8D1BC6}.Release|Any CPU.ActiveCfg = Release|Any CPU
		{7B590A2A-D73F-4A60-A454-DA426F8D1BC6}.Release|Any CPU.Build.0 = Release|Any CPU
		{FD78D908-094A-411B-8928-FE9F1E17F7CC}.Debug|Any CPU.ActiveCfg = Debug|Any CPU
		{FD78D908-094A-411B-8928-FE9F1E17F7CC}.Debug|Any CPU.Build.0 = Debug|Any CPU
		{FD78D908-094A-411B-8928-FE9F1E17F7CC}.Release|Any CPU.ActiveCfg = Release|Any CPU
		{FD78D908-094A-411B-8928-FE9F1E17F7CC}.Release|Any CPU.Build.0 = Release|Any CPU
		{A74519F2-4431-419D-AB09-9C80BD06B4E5}.Debug|Any CPU.ActiveCfg = Debug|Any CPU
		{A74519F2-4431-419D-AB09-9C80BD06B4E5}.Debug|Any CPU.Build.0 = Debug|Any CPU
		{A74519F2-4431-419D-AB09-9C80BD06B4E5}.Release|Any CPU.ActiveCfg = Release|Any CPU
		{A74519F2-4431-419D-AB09-9C80BD06B4E5}.Release|Any CPU.Build.0 = Release|Any CPU
		{E990DF5A-A20C-4D1C-B3F7-389539D76A9E}.Debug|Any CPU.ActiveCfg = Debug|Any CPU
		{E990DF5A-A20C-4D1C-B3F7-389539D76A9E}.Debug|Any CPU.Build.0 = Debug|Any CPU
		{E990DF5A-A20C-4D1C-B3F7-389539D76A9E}.Release|Any CPU.ActiveCfg = Release|Any CPU
		{E990DF5A-A20C-4D1C-B3F7-389539D76A9E}.Release|Any CPU.Build.0 = Release|Any CPU
		{C8BA7BA6-BA01-4848-A58F-A41E78435A3A}.Debug|Any CPU.ActiveCfg = Debug|Any CPU
		{C8BA7BA6-BA01-4848-A58F-A41E78435A3A}.Debug|Any CPU.Build.0 = Debug|Any CPU
		{C8BA7BA6-BA01-4848-A58F-A41E78435A3A}.Release|Any CPU.ActiveCfg = Release|Any CPU
		{C8BA7BA6-BA01-4848-A58F-A41E78435A3A}.Release|Any CPU.Build.0 = Release|Any CPU
		{2CF50977-89A6-4562-8583-F407DD025E1B}.Debug|Any CPU.ActiveCfg = Debug|Any CPU
		{2CF50977-89A6-4562-8583-F407DD025E1B}.Debug|Any CPU.Build.0 = Debug|Any CPU
		{2CF50977-89A6-4562-8583-F407DD025E1B}.Release|Any CPU.ActiveCfg = Release|Any CPU
		{2CF50977-89A6-4562-8583-F407DD025E1B}.Release|Any CPU.Build.0 = Release|Any CPU
		{EA7AAF67-9A1B-4CBA-A10F-559E95213E39}.Debug|Any CPU.ActiveCfg = Debug|Any CPU
		{EA7AAF67-9A1B-4CBA-A10F-559E95213E39}.Debug|Any CPU.Build.0 = Debug|Any CPU
		{EA7AAF67-9A1B-4CBA-A10F-559E95213E39}.Release|Any CPU.ActiveCfg = Release|Any CPU
		{EA7AAF67-9A1B-4CBA-A10F-559E95213E39}.Release|Any CPU.Build.0 = Release|Any CPU
		{666E3CB1-FC3D-460A-ADBD-F2001FBD08B4}.Debug|Any CPU.ActiveCfg = Debug|Any CPU
		{666E3CB1-FC3D-460A-ADBD-F2001FBD08B4}.Debug|Any CPU.Build.0 = Debug|Any CPU
		{666E3CB1-FC3D-460A-ADBD-F2001FBD08B4}.Release|Any CPU.ActiveCfg = Release|Any CPU
		{666E3CB1-FC3D-460A-ADBD-F2001FBD08B4}.Release|Any CPU.Build.0 = Release|Any CPU
		{FF795FFE-2CF1-471C-9380-C4CDA9B13614}.Debug|Any CPU.ActiveCfg = Debug|Any CPU
		{FF795FFE-2CF1-471C-9380-C4CDA9B13614}.Debug|Any CPU.Build.0 = Debug|Any CPU
		{FF795FFE-2CF1-471C-9380-C4CDA9B13614}.Release|Any CPU.ActiveCfg = Release|Any CPU
		{FF795FFE-2CF1-471C-9380-C4CDA9B13614}.Release|Any CPU.Build.0 = Release|Any CPU
		{02FE88B5-63D4-46C1-8B6F-71A855DBA373}.Debug|Any CPU.ActiveCfg = Debug|Any CPU
		{02FE88B5-63D4-46C1-8B6F-71A855DBA373}.Debug|Any CPU.Build.0 = Debug|Any CPU
		{02FE88B5-63D4-46C1-8B6F-71A855DBA373}.Release|Any CPU.ActiveCfg = Release|Any CPU
		{02FE88B5-63D4-46C1-8B6F-71A855DBA373}.Release|Any CPU.Build.0 = Release|Any CPU
		{DB5A737C-7450-4C99-AB0A-95DB6D267454}.Debug|Any CPU.ActiveCfg = Debug|Any CPU
		{DB5A737C-7450-4C99-AB0A-95DB6D267454}.Debug|Any CPU.Build.0 = Debug|Any CPU
		{DB5A737C-7450-4C99-AB0A-95DB6D267454}.Release|Any CPU.ActiveCfg = Release|Any CPU
		{DB5A737C-7450-4C99-AB0A-95DB6D267454}.Release|Any CPU.Build.0 = Release|Any CPU
		{309AA7C3-7566-4BFD-A161-841EBF9BEF8A}.Debug|Any CPU.ActiveCfg = Debug|Any CPU
		{309AA7C3-7566-4BFD-A161-841EBF9BEF8A}.Debug|Any CPU.Build.0 = Debug|Any CPU
		{309AA7C3-7566-4BFD-A161-841EBF9BEF8A}.Release|Any CPU.ActiveCfg = Release|Any CPU
		{309AA7C3-7566-4BFD-A161-841EBF9BEF8A}.Release|Any CPU.Build.0 = Release|Any CPU
		{90608050-6F91-49C8-9C0C-E00421B49C48}.Debug|Any CPU.ActiveCfg = Debug|Any CPU
		{90608050-6F91-49C8-9C0C-E00421B49C48}.Debug|Any CPU.Build.0 = Debug|Any CPU
		{90608050-6F91-49C8-9C0C-E00421B49C48}.Release|Any CPU.ActiveCfg = Release|Any CPU
		{90608050-6F91-49C8-9C0C-E00421B49C48}.Release|Any CPU.Build.0 = Release|Any CPU
		{D8CF2918-3368-4815-ADE2-52E48554319F}.Debug|Any CPU.ActiveCfg = Debug|Any CPU
		{D8CF2918-3368-4815-ADE2-52E48554319F}.Debug|Any CPU.Build.0 = Debug|Any CPU
		{D8CF2918-3368-4815-ADE2-52E48554319F}.Release|Any CPU.ActiveCfg = Release|Any CPU
		{D8CF2918-3368-4815-ADE2-52E48554319F}.Release|Any CPU.Build.0 = Release|Any CPU
		{86C8AEC7-F188-4D11-92B2-B2C78EE22D04}.Debug|Any CPU.ActiveCfg = Debug|Any CPU
		{86C8AEC7-F188-4D11-92B2-B2C78EE22D04}.Debug|Any CPU.Build.0 = Debug|Any CPU
		{86C8AEC7-F188-4D11-92B2-B2C78EE22D04}.Release|Any CPU.ActiveCfg = Release|Any CPU
		{86C8AEC7-F188-4D11-92B2-B2C78EE22D04}.Release|Any CPU.Build.0 = Release|Any CPU
		{EED90804-F987-4AD1-876B-26D14805E579}.Debug|Any CPU.ActiveCfg = Debug|Any CPU
		{EED90804-F987-4AD1-876B-26D14805E579}.Debug|Any CPU.Build.0 = Debug|Any CPU
		{EED90804-F987-4AD1-876B-26D14805E579}.Release|Any CPU.ActiveCfg = Release|Any CPU
		{EED90804-F987-4AD1-876B-26D14805E579}.Release|Any CPU.Build.0 = Release|Any CPU
		{872116F6-84ED-46DF-9B83-60B0AE2A6DCF}.Debug|Any CPU.ActiveCfg = Debug|Any CPU
		{872116F6-84ED-46DF-9B83-60B0AE2A6DCF}.Debug|Any CPU.Build.0 = Debug|Any CPU
		{872116F6-84ED-46DF-9B83-60B0AE2A6DCF}.Release|Any CPU.ActiveCfg = Release|Any CPU
		{872116F6-84ED-46DF-9B83-60B0AE2A6DCF}.Release|Any CPU.Build.0 = Release|Any CPU
		{62B1CC80-3C79-44FC-80E5-5B8EB1626D52}.Debug|Any CPU.ActiveCfg = Debug|Any CPU
		{62B1CC80-3C79-44FC-80E5-5B8EB1626D52}.Debug|Any CPU.Build.0 = Debug|Any CPU
		{62B1CC80-3C79-44FC-80E5-5B8EB1626D52}.Release|Any CPU.ActiveCfg = Release|Any CPU
		{62B1CC80-3C79-44FC-80E5-5B8EB1626D52}.Release|Any CPU.Build.0 = Release|Any CPU
		{B3C231F9-C0EF-46F6-9E1A-71ACB999D6EB}.Debug|Any CPU.ActiveCfg = Debug|Any CPU
		{B3C231F9-C0EF-46F6-9E1A-71ACB999D6EB}.Debug|Any CPU.Build.0 = Debug|Any CPU
		{B3C231F9-C0EF-46F6-9E1A-71ACB999D6EB}.Release|Any CPU.ActiveCfg = Release|Any CPU
		{B3C231F9-C0EF-46F6-9E1A-71ACB999D6EB}.Release|Any CPU.Build.0 = Release|Any CPU
		{908CA571-7262-4AF0-9A24-A2292C6416FA}.Debug|Any CPU.ActiveCfg = Debug|Any CPU
		{908CA571-7262-4AF0-9A24-A2292C6416FA}.Debug|Any CPU.Build.0 = Debug|Any CPU
		{908CA571-7262-4AF0-9A24-A2292C6416FA}.Release|Any CPU.ActiveCfg = Release|Any CPU
		{908CA571-7262-4AF0-9A24-A2292C6416FA}.Release|Any CPU.Build.0 = Release|Any CPU
		{905DF5DF-1D2A-4E2A-8D14-34B600034D5B}.Debug|Any CPU.ActiveCfg = Debug|Any CPU
		{905DF5DF-1D2A-4E2A-8D14-34B600034D5B}.Debug|Any CPU.Build.0 = Debug|Any CPU
		{905DF5DF-1D2A-4E2A-8D14-34B600034D5B}.Release|Any CPU.ActiveCfg = Release|Any CPU
		{905DF5DF-1D2A-4E2A-8D14-34B600034D5B}.Release|Any CPU.Build.0 = Release|Any CPU
	EndGlobalSection
	GlobalSection(SolutionProperties) = preSolution
		HideSolutionNode = FALSE
	EndGlobalSection
	GlobalSection(NestedProjects) = preSolution
		{8F336EAD-406B-465E-BD49-8BFCC8F5B956} = {56EAF7DB-F94B-4348-9638-9BA2084550AF}
		{4D13C339-7A4A-415C-9C7F-F85DC640DF51} = {56EAF7DB-F94B-4348-9638-9BA2084550AF}
		{7B590A2A-D73F-4A60-A454-DA426F8D1BC6} = {56EAF7DB-F94B-4348-9638-9BA2084550AF}
		{FD78D908-094A-411B-8928-FE9F1E17F7CC} = {56EAF7DB-F94B-4348-9638-9BA2084550AF}
		{A74519F2-4431-419D-AB09-9C80BD06B4E5} = {56EAF7DB-F94B-4348-9638-9BA2084550AF}
		{E990DF5A-A20C-4D1C-B3F7-389539D76A9E} = {56EAF7DB-F94B-4348-9638-9BA2084550AF}
		{C8BA7BA6-BA01-4848-A58F-A41E78435A3A} = {C5379D7B-9C7D-4B14-8CCC-C07CD509947F}
		{2CF50977-89A6-4562-8583-F407DD025E1B} = {C5379D7B-9C7D-4B14-8CCC-C07CD509947F}
		{EA7AAF67-9A1B-4CBA-A10F-559E95213E39} = {C5379D7B-9C7D-4B14-8CCC-C07CD509947F}
		{666E3CB1-FC3D-460A-ADBD-F2001FBD08B4} = {C5379D7B-9C7D-4B14-8CCC-C07CD509947F}
		{FF795FFE-2CF1-471C-9380-C4CDA9B13614} = {C5379D7B-9C7D-4B14-8CCC-C07CD509947F}
		{02FE88B5-63D4-46C1-8B6F-71A855DBA373} = {C5379D7B-9C7D-4B14-8CCC-C07CD509947F}
		{DB5A737C-7450-4C99-AB0A-95DB6D267454} = {C5379D7B-9C7D-4B14-8CCC-C07CD509947F}
		{309AA7C3-7566-4BFD-A161-841EBF9BEF8A} = {E3041A09-7FAF-4BDC-9120-21B8B523EFF4}
		{90608050-6F91-49C8-9C0C-E00421B49C48} = {E3041A09-7FAF-4BDC-9120-21B8B523EFF4}
		{D8CF2918-3368-4815-ADE2-52E48554319F} = {E3041A09-7FAF-4BDC-9120-21B8B523EFF4}
		{86C8AEC7-F188-4D11-92B2-B2C78EE22D04} = {E3041A09-7FAF-4BDC-9120-21B8B523EFF4}
		{EED90804-F987-4AD1-876B-26D14805E579} = {E3041A09-7FAF-4BDC-9120-21B8B523EFF4}
		{872116F6-84ED-46DF-9B83-60B0AE2A6DCF} = {E3041A09-7FAF-4BDC-9120-21B8B523EFF4}
		{62B1CC80-3C79-44FC-80E5-5B8EB1626D52} = {E3041A09-7FAF-4BDC-9120-21B8B523EFF4}
		{B3C231F9-C0EF-46F6-9E1A-71ACB999D6EB} = {E3041A09-7FAF-4BDC-9120-21B8B523EFF4}
		{908CA571-7262-4AF0-9A24-A2292C6416FA} = {E3041A09-7FAF-4BDC-9120-21B8B523EFF4}
		{905DF5DF-1D2A-4E2A-8D14-34B600034D5B} = {E3041A09-7FAF-4BDC-9120-21B8B523EFF4}
	EndGlobalSection
	GlobalSection(ExtensibilityGlobals) = postSolution
		SolutionGuid = {0877FC8D-5AF5-4E82-BAC6-7CB95E3ADC16}
	EndGlobalSection
EndGlobal
